
Microsoft Visual Studio Solution File, Format Version 12.00
# Visual Studio 15
VisualStudioVersion = 15.0.28010.2036
MinimumVisualStudioVersion = 10.0.40219.1
Project("{FAE04EC0-301F-11D3-BF4B-00C04F79EFBC}") = "PropertyBinding", "PropertyBinding\PropertyBinding.csproj", "{DFFD9AC2-3F9C-43C2-B28F-F326D5F3E4CB}"
EndProject
Global
	GlobalSection(SolutionConfigurationPlatforms) = preSolution
		Debug|Any CPU = Debug|Any CPU
		Release|Any CPU = Release|Any CPU
	EndGlobalSection
	GlobalSection(ProjectConfigurationPlatforms) = postSolution
		{DFFD9AC2-3F9C-43C2-B28F-F326D5F3E4CB}.Debug|Any CPU.ActiveCfg = Debug|Any CPU
		{DFFD9AC2-3F9C-43C2-B28F-F326D5F3E4CB}.Debug|Any CPU.Build.0 = Debug|Any CPU
		{DFFD9AC2-3F9C-43C2-B28F-F326D5F3E4CB}.Release|Any CPU.ActiveCfg = Release|Any CPU
		{DFFD9AC2-3F9C-43C2-B28F-F326D5F3E4CB}.Release|Any CPU.Build.0 = Release|Any CPU
	EndGlobalSection
	GlobalSection(SolutionProperties) = preSolution
		HideSolutionNode = FALSE
	EndGlobalSection
	GlobalSection(ExtensibilityGlobals) = postSolution
		SolutionGuid = {ED885299-B4DA-4058-BC54-AF231F7B342A}
	EndGlobalSection
EndGlobal
